
Microsoft Visual Studio Solution File, Format Version 11.00
# Visual Studio 2010
Project("{FAE04EC0-301F-11D3-BF4B-00C04F79EFBC}") = "MyIsland", "Assembly-CSharp.csproj", "{72214951-8F5D-FF92-5F54-2D54BD2FB171}"
EndProject
Project("{FAE04EC0-301F-11D3-BF4B-00C04F79EFBC}") = "MyIsland", "Assembly-CSharp-Editor.csproj", "{EB58E0CF-C9BA-354B-C89A-2D9D55CF4D8A}"
EndProject
Global
	GlobalSection(SolutionConfigurationPlatforms) = preSolution
		Debug|Any CPU = Debug|Any CPU
		Release|Any CPU = Release|Any CPU
	EndGlobalSection
	GlobalSection(ProjectConfigurationPlatforms) = postSolution
		{72214951-8F5D-FF92-5F54-2D54BD2FB171}.Debug|Any CPU.ActiveCfg = Debug|Any CPU
		{72214951-8F5D-FF92-5F54-2D54BD2FB171}.Debug|Any CPU.Build.0 = Debug|Any CPU
		{72214951-8F5D-FF92-5F54-2D54BD2FB171}.Release|Any CPU.ActiveCfg = Release|Any CPU
		{72214951-8F5D-FF92-5F54-2D54BD2FB171}.Release|Any CPU.Build.0 = Release|Any CPU
		{EB58E0CF-C9BA-354B-C89A-2D9D55CF4D8A}.Debug|Any CPU.ActiveCfg = Debug|Any CPU
		{EB58E0CF-C9BA-354B-C89A-2D9D55CF4D8A}.Debug|Any CPU.Build.0 = Debug|Any CPU
		{EB58E0CF-C9BA-354B-C89A-2D9D55CF4D8A}.Release|Any CPU.ActiveCfg = Release|Any CPU
		{EB58E0CF-C9BA-354B-C89A-2D9D55CF4D8A}.Release|Any CPU.Build.0 = Release|Any CPU
	EndGlobalSection
	GlobalSection(SolutionProperties) = preSolution
		HideSolutionNode = FALSE
	EndGlobalSection
	GlobalSection(MonoDevelopProperties) = preSolution
		StartupItem = Assembly-CSharp.csproj
	EndGlobalSection
EndGlobal
